// !$*UTF8*$!
{
	archiveVersion = 1;
	classes = {
	};
	objectVersion = 52;
	objects = {

/* Begin PBXBuildFile section */
		0C76BEA023D5EC800039AF99 /* Journal.swift in Sources */ = {isa = PBXBuildFile; fileRef = 0C76BE9F23D5EC800039AF99 /* Journal.swift */; };
		0C76BEA823D6147A0039AF99 /* journal_screens.swift in Sources */ = {isa = PBXBuildFile; fileRef = 0C76BEA723D6147A0039AF99 /* journal_screens.swift */; };
		0C76BEAA23D625FF0039AF99 /* bpNewEntry.swift in Sources */ = {isa = PBXBuildFile; fileRef = 0C76BEA923D625FF0039AF99 /* bpNewEntry.swift */; };
		0C9726F223D20EA700A9ED2A /* AppDelegate.swift in Sources */ = {isa = PBXBuildFile; fileRef = 0C9726F123D20EA700A9ED2A /* AppDelegate.swift */; };
		0C9726F423D20EA700A9ED2A /* SceneDelegate.swift in Sources */ = {isa = PBXBuildFile; fileRef = 0C9726F323D20EA700A9ED2A /* SceneDelegate.swift */; };
		0C9726F623D20EA700A9ED2A /* HomeScreen.swift in Sources */ = {isa = PBXBuildFile; fileRef = 0C9726F523D20EA700A9ED2A /* HomeScreen.swift */; };
		0C9726F923D20EA700A9ED2A /* Main.storyboard in Resources */ = {isa = PBXBuildFile; fileRef = 0C9726F723D20EA700A9ED2A /* Main.storyboard */; };
		0C9726FB23D20EA800A9ED2A /* Assets.xcassets in Resources */ = {isa = PBXBuildFile; fileRef = 0C9726FA23D20EA800A9ED2A /* Assets.xcassets */; };
		0C9726FE23D20EA800A9ED2A /* LaunchScreen.storyboard in Resources */ = {isa = PBXBuildFile; fileRef = 0C9726FC23D20EA800A9ED2A /* LaunchScreen.storyboard */; };
		0C97270923D20EA800A9ED2A /* iOSTestTests.swift in Sources */ = {isa = PBXBuildFile; fileRef = 0C97270823D20EA800A9ED2A /* iOSTestTests.swift */; };
    0CAA7F7224142F53003D7F34 /* bsNewEntry.swift in Sources */ = {isa = PBXBuildFile; fileRef = 0CAA7F7124142F53003D7F34 /* bsNewEntry.swift */; };
		0CAA7F782416E013003D7F34 /* cholNewEntry.swift in Sources */ = {isa = PBXBuildFile; fileRef = 0CAA7F772416E013003D7F34 /* cholNewEntry.swift */; };
		3A940F0324539AB00082D0FD /* BSGraphViewController.swift in Sources */ = {isa = PBXBuildFile; fileRef = 3A940F0224539AB00082D0FD /* BSGraphViewController.swift */; };
		3A940F052453A6AF0082D0FD /* BWGraphViewController.swift in Sources */ = {isa = PBXBuildFile; fileRef = 3A940F042453A6AF0082D0FD /* BWGraphViewController.swift */; };
		3A940F072453AC1C0082D0FD /* ChGraphViewController.swift in Sources */ = {isa = PBXBuildFile; fileRef = 3A940F062453AC1C0082D0FD /* ChGraphViewController.swift */; };
		3A956A8B24229DC000F4875C /* SQLite in Frameworks */ = {isa = PBXBuildFile; productRef = 3A956A8A24229DC000F4875C /* SQLite */; };

		

		3AB612AB240821E800D43BB0 /* ComposeViewController.swift in Sources */ = {isa = PBXBuildFile; fileRef = 3AB612AA240821E800D43BB0 /* ComposeViewController.swift */; };
		3ABAEE592406EE3200070FA4 /* GoogleService-Info.plist in Resources */ = {isa = PBXBuildFile; fileRef = 3ABAEE582406EE3200070FA4 /* GoogleService-Info.plist */; };
		3ABAEE5A2406EE3200070FA4 /* GoogleService-Info.plist in Resources */ = {isa = PBXBuildFile; fileRef = 3ABAEE582406EE3200070FA4 /* GoogleService-Info.plist */; };
		3AE853972422B75600C7690E /* BPGraphViewController.swift in Sources */ = {isa = PBXBuildFile; fileRef = 3AE853962422B75600C7690E /* BPGraphViewController.swift */; };
		878F3174BF100ADC363A238F /* Pods_iOSTestTests.framework in Frameworks */ = {isa = PBXBuildFile; fileRef = 4DFECB3ADA74D5A4C4C1B81D /* Pods_iOSTestTests.framework */; };
		C04093BCEB5F714F63E66117 /* Pods_iOSTest.framework in Frameworks */ = {isa = PBXBuildFile; fileRef = 6437EF905945AF9315EB40E0 /* Pods_iOSTest.framework */; };
/* End PBXBuildFile section */

/* Begin PBXContainerItemProxy section */
		0C97270523D20EA800A9ED2A /* PBXContainerItemProxy */ = {
			isa = PBXContainerItemProxy;
			containerPortal = 0C9726E623D20EA700A9ED2A /* Project object */;
			proxyType = 1;
			remoteGlobalIDString = 0C9726ED23D20EA700A9ED2A;
			remoteInfo = iOSTest;
		};
/* End PBXContainerItemProxy section */

/* Begin PBXFileReference section */
		0C76BE9F23D5EC800039AF99 /* Journal.swift */ = {isa = PBXFileReference; lastKnownFileType = sourcecode.swift; path = Journal.swift; sourceTree = "<group>"; };
		0C76BEA723D6147A0039AF99 /* journal_screens.swift */ = {isa = PBXFileReference; lastKnownFileType = sourcecode.swift; path = journal_screens.swift; sourceTree = "<group>"; };
		0C76BEA923D625FF0039AF99 /* bpNewEntry.swift */ = {isa = PBXFileReference; lastKnownFileType = sourcecode.swift; path = bpNewEntry.swift; sourceTree = "<group>"; };
		0C9726EE23D20EA700A9ED2A /* iOSTest.app */ = {isa = PBXFileReference; explicitFileType = wrapper.application; includeInIndex = 0; path = iOSTest.app; sourceTree = BUILT_PRODUCTS_DIR; };
		0C9726F123D20EA700A9ED2A /* AppDelegate.swift */ = {isa = PBXFileReference; lastKnownFileType = sourcecode.swift; path = AppDelegate.swift; sourceTree = "<group>"; };
		0C9726F323D20EA700A9ED2A /* SceneDelegate.swift */ = {isa = PBXFileReference; lastKnownFileType = sourcecode.swift; path = SceneDelegate.swift; sourceTree = "<group>"; };
		0C9726F523D20EA700A9ED2A /* HomeScreen.swift */ = {isa = PBXFileReference; lastKnownFileType = sourcecode.swift; path = HomeScreen.swift; sourceTree = "<group>"; };
		0C9726F823D20EA700A9ED2A /* Base */ = {isa = PBXFileReference; lastKnownFileType = file.storyboard; name = Base; path = Base.lproj/Main.storyboard; sourceTree = "<group>"; };
		0C9726FA23D20EA800A9ED2A /* Assets.xcassets */ = {isa = PBXFileReference; lastKnownFileType = folder.assetcatalog; path = Assets.xcassets; sourceTree = "<group>"; };
		0C9726FD23D20EA800A9ED2A /* Base */ = {isa = PBXFileReference; lastKnownFileType = file.storyboard; name = Base; path = Base.lproj/LaunchScreen.storyboard; sourceTree = "<group>"; };
		0C9726FF23D20EA800A9ED2A /* Info.plist */ = {isa = PBXFileReference; lastKnownFileType = text.plist.xml; path = Info.plist; sourceTree = "<group>"; };
		0C97270423D20EA800A9ED2A /* iOSTestTests.xctest */ = {isa = PBXFileReference; explicitFileType = wrapper.cfbundle; includeInIndex = 0; path = iOSTestTests.xctest; sourceTree = BUILT_PRODUCTS_DIR; };
		0C97270823D20EA800A9ED2A /* iOSTestTests.swift */ = {isa = PBXFileReference; lastKnownFileType = sourcecode.swift; path = iOSTestTests.swift; sourceTree = "<group>"; };
		0C97270A23D20EA800A9ED2A /* Info.plist */ = {isa = PBXFileReference; lastKnownFileType = text.plist.xml; path = Info.plist; sourceTree = "<group>"; };
		0CAA7F7124142F53003D7F34 /* bsNewEntry.swift */ = {isa = PBXFileReference; lastKnownFileType = sourcecode.swift; path = bsNewEntry.swift; sourceTree = "<group>"; };
		0CAA7F772416E013003D7F34 /* cholNewEntry.swift */ = {isa = PBXFileReference; lastKnownFileType = sourcecode.swift; path = cholNewEntry.swift; sourceTree = "<group>"; };
		0ED8F29F7D86AC07992EA163 /* Pods-iOSTestTests.release.xcconfig */ = {isa = PBXFileReference; includeInIndex = 1; lastKnownFileType = text.xcconfig; name = "Pods-iOSTestTests.release.xcconfig"; path = "Target Support Files/Pods-iOSTestTests/Pods-iOSTestTests.release.xcconfig"; sourceTree = "<group>"; };
		3A940F0224539AB00082D0FD /* BSGraphViewController.swift */ = {isa = PBXFileReference; lastKnownFileType = sourcecode.swift; path = BSGraphViewController.swift; sourceTree = "<group>"; };
		3A940F042453A6AF0082D0FD /* BWGraphViewController.swift */ = {isa = PBXFileReference; lastKnownFileType = sourcecode.swift; path = BWGraphViewController.swift; sourceTree = "<group>"; };
		3A940F062453AC1C0082D0FD /* ChGraphViewController.swift */ = {isa = PBXFileReference; lastKnownFileType = sourcecode.swift; path = ChGraphViewController.swift; sourceTree = "<group>"; };
		3AB612AA240821E800D43BB0 /* ComposeViewController.swift */ = {isa = PBXFileReference; lastKnownFileType = sourcecode.swift; path = ComposeViewController.swift; sourceTree = "<group>"; };
		3ABAEE582406EE3200070FA4 /* GoogleService-Info.plist */ = {isa = PBXFileReference; fileEncoding = 4; lastKnownFileType = text.plist.xml; name = "GoogleService-Info.plist"; path = "../../../Downloads/GoogleService-Info.plist"; sourceTree = "<group>"; };
		3AE853962422B75600C7690E /* BPGraphViewController.swift */ = {isa = PBXFileReference; lastKnownFileType = sourcecode.swift; path = BPGraphViewController.swift; sourceTree = "<group>"; };
		4DFECB3ADA74D5A4C4C1B81D /* Pods_iOSTestTests.framework */ = {isa = PBXFileReference; explicitFileType = wrapper.framework; includeInIndex = 0; path = Pods_iOSTestTests.framework; sourceTree = BUILT_PRODUCTS_DIR; };
		6437EF905945AF9315EB40E0 /* Pods_iOSTest.framework */ = {isa = PBXFileReference; explicitFileType = wrapper.framework; includeInIndex = 0; path = Pods_iOSTest.framework; sourceTree = BUILT_PRODUCTS_DIR; };
		689107DD57972B194C9506B8 /* Pods-iOSTest.debug.xcconfig */ = {isa = PBXFileReference; includeInIndex = 1; lastKnownFileType = text.xcconfig; name = "Pods-iOSTest.debug.xcconfig"; path = "Target Support Files/Pods-iOSTest/Pods-iOSTest.debug.xcconfig"; sourceTree = "<group>"; };
		D545E8F7C62C56B0195FD171 /* Pods-iOSTestTests.debug.xcconfig */ = {isa = PBXFileReference; includeInIndex = 1; lastKnownFileType = text.xcconfig; name = "Pods-iOSTestTests.debug.xcconfig"; path = "Target Support Files/Pods-iOSTestTests/Pods-iOSTestTests.debug.xcconfig"; sourceTree = "<group>"; };
		E645C9237BE44055386CF949 /* Pods-iOSTest.release.xcconfig */ = {isa = PBXFileReference; includeInIndex = 1; lastKnownFileType = text.xcconfig; name = "Pods-iOSTest.release.xcconfig"; path = "Target Support Files/Pods-iOSTest/Pods-iOSTest.release.xcconfig"; sourceTree = "<group>"; };
/* End PBXFileReference section */

/* Begin PBXFrameworksBuildPhase section */
		0C9726EB23D20EA700A9ED2A /* Frameworks */ = {
			isa = PBXFrameworksBuildPhase;
			buildActionMask = 2147483647;
			files = (
				3A956A8B24229DC000F4875C /* SQLite in Frameworks */,
				C04093BCEB5F714F63E66117 /* Pods_iOSTest.framework in Frameworks */,
			);
			runOnlyForDeploymentPostprocessing = 0;
		};
		0C97270123D20EA800A9ED2A /* Frameworks */ = {
			isa = PBXFrameworksBuildPhase;
			buildActionMask = 2147483647;
			files = (
				878F3174BF100ADC363A238F /* Pods_iOSTestTests.framework in Frameworks */,
			);
			runOnlyForDeploymentPostprocessing = 0;
		};
/* End PBXFrameworksBuildPhase section */

/* Begin PBXGroup section */
		0C9726E523D20EA700A9ED2A = {
			isa = PBXGroup;
			children = (
				0C9726F023D20EA700A9ED2A /* iOSTest */,
				0C97270723D20EA800A9ED2A /* iOSTestTests */,
				0C9726EF23D20EA700A9ED2A /* Products */,
				4DC3E0516AFF57D97C2082D4 /* Pods */,
				5A86C3F423D990B41C695AF9 /* Frameworks */,
			);
			sourceTree = "<group>";
		};
		0C9726EF23D20EA700A9ED2A /* Products */ = {
			isa = PBXGroup;
			children = (
				0C9726EE23D20EA700A9ED2A /* iOSTest.app */,
				0C97270423D20EA800A9ED2A /* iOSTestTests.xctest */,
			);
			name = Products;
			sourceTree = "<group>";
		};
		0C9726F023D20EA700A9ED2A /* iOSTest */ = {
			isa = PBXGroup;
			children = (
				0C9726F123D20EA700A9ED2A /* AppDelegate.swift */,
				0C9726F323D20EA700A9ED2A /* SceneDelegate.swift */,
				0C9726F523D20EA700A9ED2A /* HomeScreen.swift */,
				3AB612AA240821E800D43BB0 /* ComposeViewController.swift */,
				0C9726F723D20EA700A9ED2A /* Main.storyboard */,
				0C9726FA23D20EA800A9ED2A /* Assets.xcassets */,
				0C9726FC23D20EA800A9ED2A /* LaunchScreen.storyboard */,
				3ABAEE582406EE3200070FA4 /* GoogleService-Info.plist */,
				0C9726FF23D20EA800A9ED2A /* Info.plist */,
				0C76BE9F23D5EC800039AF99 /* Journal.swift */,
				0C76BEA723D6147A0039AF99 /* journal_screens.swift */,
				0C76BEA923D625FF0039AF99 /* bpNewEntry.swift */,
        0CAA7F7124142F53003D7F34 /* bsNewEntry.swift */,
				0CAA7F772416E013003D7F34 /* cholNewEntry.swift */,
				3AE853962422B75600C7690E /* BPGraphViewController.swift */,
				3A940F0224539AB00082D0FD /* BSGraphViewController.swift */,
				3A940F042453A6AF0082D0FD /* BWGraphViewController.swift */,
				3A940F062453AC1C0082D0FD /* ChGraphViewController.swift */,

				

			);
			path = iOSTest;
			sourceTree = "<group>";
		};
		0C97270723D20EA800A9ED2A /* iOSTestTests */ = {
			isa = PBXGroup;
			children = (
				0C97270823D20EA800A9ED2A /* iOSTestTests.swift */,
				0C97270A23D20EA800A9ED2A /* Info.plist */,
			);
			path = iOSTestTests;
			sourceTree = "<group>";
		};
		4DC3E0516AFF57D97C2082D4 /* Pods */ = {
			isa = PBXGroup;
			children = (
				689107DD57972B194C9506B8 /* Pods-iOSTest.debug.xcconfig */,
				E645C9237BE44055386CF949 /* Pods-iOSTest.release.xcconfig */,
				D545E8F7C62C56B0195FD171 /* Pods-iOSTestTests.debug.xcconfig */,
				0ED8F29F7D86AC07992EA163 /* Pods-iOSTestTests.release.xcconfig */,
			);
			path = Pods;
			sourceTree = "<group>";
		};
		5A86C3F423D990B41C695AF9 /* Frameworks */ = {
			isa = PBXGroup;
			children = (
				6437EF905945AF9315EB40E0 /* Pods_iOSTest.framework */,
				4DFECB3ADA74D5A4C4C1B81D /* Pods_iOSTestTests.framework */,
			);
			name = Frameworks;
			sourceTree = "<group>";
		};
/* End PBXGroup section */

/* Begin PBXNativeTarget section */
		0C9726ED23D20EA700A9ED2A /* iOSTest */ = {
			isa = PBXNativeTarget;
			buildConfigurationList = 0C97270D23D20EA800A9ED2A /* Build configuration list for PBXNativeTarget "iOSTest" */;
			buildPhases = (
				261DC2935868506E35600729 /* [CP] Check Pods Manifest.lock */,
				0C9726EA23D20EA700A9ED2A /* Sources */,
				0C9726EB23D20EA700A9ED2A /* Frameworks */,
				0C9726EC23D20EA700A9ED2A /* Resources */,
				61A047E84B84AE2CF94F0AA8 /* [CP] Embed Pods Frameworks */,
			);
			buildRules = (
			);
			dependencies = (
			);
			name = iOSTest;
			packageProductDependencies = (
				3A956A8A24229DC000F4875C /* SQLite */,
			);
			productName = iOSTest;
			productReference = 0C9726EE23D20EA700A9ED2A /* iOSTest.app */;
			productType = "com.apple.product-type.application";
		};
		0C97270323D20EA800A9ED2A /* iOSTestTests */ = {
			isa = PBXNativeTarget;
			buildConfigurationList = 0C97271023D20EA800A9ED2A /* Build configuration list for PBXNativeTarget "iOSTestTests" */;
			buildPhases = (
				C69AEA6C8E1B32A52509C04F /* [CP] Check Pods Manifest.lock */,
				0C97270023D20EA800A9ED2A /* Sources */,
				0C97270123D20EA800A9ED2A /* Frameworks */,
				0C97270223D20EA800A9ED2A /* Resources */,
				F52694EA7912C614CB8F707A /* [CP] Embed Pods Frameworks */,
			);
			buildRules = (
			);
			dependencies = (
				0C97270623D20EA800A9ED2A /* PBXTargetDependency */,
			);
			name = iOSTestTests;
			productName = iOSTestTests;
			productReference = 0C97270423D20EA800A9ED2A /* iOSTestTests.xctest */;
			productType = "com.apple.product-type.bundle.unit-test";
		};
/* End PBXNativeTarget section */

/* Begin PBXProject section */
		0C9726E623D20EA700A9ED2A /* Project object */ = {
			isa = PBXProject;
			attributes = {
				LastSwiftUpdateCheck = 1130;
				LastUpgradeCheck = 1130;
				ORGANIZATIONNAME = "Aaron Fulmer";
				TargetAttributes = {
					0C9726ED23D20EA700A9ED2A = {
						CreatedOnToolsVersion = 11.3.1;
					};
					0C97270323D20EA800A9ED2A = {
						CreatedOnToolsVersion = 11.3.1;
						TestTargetID = 0C9726ED23D20EA700A9ED2A;
					};
				};
			};
			buildConfigurationList = 0C9726E923D20EA700A9ED2A /* Build configuration list for PBXProject "iOSTest" */;
			compatibilityVersion = "Xcode 9.3";
			developmentRegion = en;
			hasScannedForEncodings = 0;
			knownRegions = (
				en,
				Base,
			);
			mainGroup = 0C9726E523D20EA700A9ED2A;
			packageReferences = (
				3A956A8924229DC000F4875C /* XCRemoteSwiftPackageReference "SQLite.swift" */,
			);
			productRefGroup = 0C9726EF23D20EA700A9ED2A /* Products */;
			projectDirPath = "";
			projectRoot = "";
			targets = (
				0C9726ED23D20EA700A9ED2A /* iOSTest */,
				0C97270323D20EA800A9ED2A /* iOSTestTests */,
			);
		};
/* End PBXProject section */

/* Begin PBXResourcesBuildPhase section */
		0C9726EC23D20EA700A9ED2A /* Resources */ = {
			isa = PBXResourcesBuildPhase;
			buildActionMask = 2147483647;
			files = (
				0C9726FE23D20EA800A9ED2A /* LaunchScreen.storyboard in Resources */,
				0C9726FB23D20EA800A9ED2A /* Assets.xcassets in Resources */,
				0C9726F923D20EA700A9ED2A /* Main.storyboard in Resources */,
				3ABAEE592406EE3200070FA4 /* GoogleService-Info.plist in Resources */,
			);
			runOnlyForDeploymentPostprocessing = 0;
		};
		0C97270223D20EA800A9ED2A /* Resources */ = {
			isa = PBXResourcesBuildPhase;
			buildActionMask = 2147483647;
			files = (
				3ABAEE5A2406EE3200070FA4 /* GoogleService-Info.plist in Resources */,
			);
			runOnlyForDeploymentPostprocessing = 0;
		};
/* End PBXResourcesBuildPhase section */

/* Begin PBXShellScriptBuildPhase section */
		261DC2935868506E35600729 /* [CP] Check Pods Manifest.lock */ = {
			isa = PBXShellScriptBuildPhase;
			buildActionMask = 2147483647;
			files = (
			);
			inputFileListPaths = (
			);
			inputPaths = (
				"${PODS_PODFILE_DIR_PATH}/Podfile.lock",
				"${PODS_ROOT}/Manifest.lock",
			);
			name = "[CP] Check Pods Manifest.lock";
			outputFileListPaths = (
			);
			outputPaths = (
				"$(DERIVED_FILE_DIR)/Pods-iOSTest-checkManifestLockResult.txt",
			);
			runOnlyForDeploymentPostprocessing = 0;
			shellPath = /bin/sh;
			shellScript = "diff \"${PODS_PODFILE_DIR_PATH}/Podfile.lock\" \"${PODS_ROOT}/Manifest.lock\" > /dev/null\nif [ $? != 0 ] ; then\n    # print error to STDERR\n    echo \"error: The sandbox is not in sync with the Podfile.lock. Run 'pod install' or update your CocoaPods installation.\" >&2\n    exit 1\nfi\n# This output is used by Xcode 'outputs' to avoid re-running this script phase.\necho \"SUCCESS\" > \"${SCRIPT_OUTPUT_FILE_0}\"\n";
			showEnvVarsInLog = 0;
		};
		61A047E84B84AE2CF94F0AA8 /* [CP] Embed Pods Frameworks */ = {
			isa = PBXShellScriptBuildPhase;
			buildActionMask = 2147483647;
			files = (
			);
			inputFileListPaths = (
				"${PODS_ROOT}/Target Support Files/Pods-iOSTest/Pods-iOSTest-frameworks-${CONFIGURATION}-input-files.xcfilelist",
			);
			name = "[CP] Embed Pods Frameworks";
			outputFileListPaths = (
				"${PODS_ROOT}/Target Support Files/Pods-iOSTest/Pods-iOSTest-frameworks-${CONFIGURATION}-output-files.xcfilelist",
			);
			runOnlyForDeploymentPostprocessing = 0;
			shellPath = /bin/sh;
			shellScript = "\"${PODS_ROOT}/Target Support Files/Pods-iOSTest/Pods-iOSTest-frameworks.sh\"\n";
			showEnvVarsInLog = 0;
		};
		C69AEA6C8E1B32A52509C04F /* [CP] Check Pods Manifest.lock */ = {
			isa = PBXShellScriptBuildPhase;
			buildActionMask = 2147483647;
			files = (
			);
			inputFileListPaths = (
			);
			inputPaths = (
				"${PODS_PODFILE_DIR_PATH}/Podfile.lock",
				"${PODS_ROOT}/Manifest.lock",
			);
			name = "[CP] Check Pods Manifest.lock";
			outputFileListPaths = (
			);
			outputPaths = (
				"$(DERIVED_FILE_DIR)/Pods-iOSTestTests-checkManifestLockResult.txt",
			);
			runOnlyForDeploymentPostprocessing = 0;
			shellPath = /bin/sh;
			shellScript = "diff \"${PODS_PODFILE_DIR_PATH}/Podfile.lock\" \"${PODS_ROOT}/Manifest.lock\" > /dev/null\nif [ $? != 0 ] ; then\n    # print error to STDERR\n    echo \"error: The sandbox is not in sync with the Podfile.lock. Run 'pod install' or update your CocoaPods installation.\" >&2\n    exit 1\nfi\n# This output is used by Xcode 'outputs' to avoid re-running this script phase.\necho \"SUCCESS\" > \"${SCRIPT_OUTPUT_FILE_0}\"\n";
			showEnvVarsInLog = 0;
		};
		F52694EA7912C614CB8F707A /* [CP] Embed Pods Frameworks */ = {
			isa = PBXShellScriptBuildPhase;
			buildActionMask = 2147483647;
			files = (
			);
			inputFileListPaths = (
				"${PODS_ROOT}/Target Support Files/Pods-iOSTestTests/Pods-iOSTestTests-frameworks-${CONFIGURATION}-input-files.xcfilelist",
			);
			name = "[CP] Embed Pods Frameworks";
			outputFileListPaths = (
				"${PODS_ROOT}/Target Support Files/Pods-iOSTestTests/Pods-iOSTestTests-frameworks-${CONFIGURATION}-output-files.xcfilelist",
			);
			runOnlyForDeploymentPostprocessing = 0;
			shellPath = /bin/sh;
			shellScript = "\"${PODS_ROOT}/Target Support Files/Pods-iOSTestTests/Pods-iOSTestTests-frameworks.sh\"\n";
			showEnvVarsInLog = 0;
		};
/* End PBXShellScriptBuildPhase section */

/* Begin PBXSourcesBuildPhase section */
		0C9726EA23D20EA700A9ED2A /* Sources */ = {
			isa = PBXSourcesBuildPhase;
			buildActionMask = 2147483647;
			files = (
				0C9726F623D20EA700A9ED2A /* HomeScreen.swift in Sources */,
				3AE853972422B75600C7690E /* BPGraphViewController.swift in Sources */,
				0C76BEAA23D625FF0039AF99 /* bpNewEntry.swift in Sources */,
				0C9726F223D20EA700A9ED2A /* AppDelegate.swift in Sources */,
				3A940F072453AC1C0082D0FD /* ChGraphViewController.swift in Sources */,
				0C9726F423D20EA700A9ED2A /* SceneDelegate.swift in Sources */,
				0CAA7F7224142F53003D7F34 /* bsNewEntry.swift in Sources */,
				0C76BEA023D5EC800039AF99 /* Journal.swift in Sources */,
				0C76BEA823D6147A0039AF99 /* journal_screens.swift in Sources */,
				0CAA7F782416E013003D7F34 /* cholNewEntry.swift in Sources */,
        3AB612AB240821E800D43BB0 /* ComposeViewController.swift in Sources */,
				3A940F052453A6AF0082D0FD /* BWGraphViewController.swift in Sources */,
				3A940F0324539AB00082D0FD /* BSGraphViewController.swift in Sources */,

				

			);
			runOnlyForDeploymentPostprocessing = 0;
		};
		0C97270023D20EA800A9ED2A /* Sources */ = {
			isa = PBXSourcesBuildPhase;
			buildActionMask = 2147483647;
			files = (
				0C97270923D20EA800A9ED2A /* iOSTestTests.swift in Sources */,
			);
			runOnlyForDeploymentPostprocessing = 0;
		};
/* End PBXSourcesBuildPhase section */

/* Begin PBXTargetDependency section */
		0C97270623D20EA800A9ED2A /* PBXTargetDependency */ = {
			isa = PBXTargetDependency;
			target = 0C9726ED23D20EA700A9ED2A /* iOSTest */;
			targetProxy = 0C97270523D20EA800A9ED2A /* PBXContainerItemProxy */;
		};
/* End PBXTargetDependency section */

/* Begin PBXVariantGroup section */
		0C9726F723D20EA700A9ED2A /* Main.storyboard */ = {
			isa = PBXVariantGroup;
			children = (
				0C9726F823D20EA700A9ED2A /* Base */,
			);
			name = Main.storyboard;
			sourceTree = "<group>";
		};
		0C9726FC23D20EA800A9ED2A /* LaunchScreen.storyboard */ = {
			isa = PBXVariantGroup;
			children = (
				0C9726FD23D20EA800A9ED2A /* Base */,
			);
			name = LaunchScreen.storyboard;
			sourceTree = "<group>";
		};
/* End PBXVariantGroup section */

/* Begin XCBuildConfiguration section */
		0C97270B23D20EA800A9ED2A /* Debug */ = {
			isa = XCBuildConfiguration;
			buildSettings = {
				ALWAYS_SEARCH_USER_PATHS = NO;
				CLANG_ANALYZER_NONNULL = YES;
				CLANG_ANALYZER_NUMBER_OBJECT_CONVERSION = YES_AGGRESSIVE;
				CLANG_CXX_LANGUAGE_STANDARD = "gnu++14";
				CLANG_CXX_LIBRARY = "libc++";
				CLANG_ENABLE_MODULES = YES;
				CLANG_ENABLE_OBJC_ARC = YES;
				CLANG_ENABLE_OBJC_WEAK = YES;
				CLANG_WARN_BLOCK_CAPTURE_AUTORELEASING = YES;
				CLANG_WARN_BOOL_CONVERSION = YES;
				CLANG_WARN_COMMA = YES;
				CLANG_WARN_CONSTANT_CONVERSION = YES;
				CLANG_WARN_DEPRECATED_OBJC_IMPLEMENTATIONS = YES;
				CLANG_WARN_DIRECT_OBJC_ISA_USAGE = YES_ERROR;
				CLANG_WARN_DOCUMENTATION_COMMENTS = YES;
				CLANG_WARN_EMPTY_BODY = YES;
				CLANG_WARN_ENUM_CONVERSION = YES;
				CLANG_WARN_INFINITE_RECURSION = YES;
				CLANG_WARN_INT_CONVERSION = YES;
				CLANG_WARN_NON_LITERAL_NULL_CONVERSION = YES;
				CLANG_WARN_OBJC_IMPLICIT_RETAIN_SELF = YES;
				CLANG_WARN_OBJC_LITERAL_CONVERSION = YES;
				CLANG_WARN_OBJC_ROOT_CLASS = YES_ERROR;
				CLANG_WARN_RANGE_LOOP_ANALYSIS = YES;
				CLANG_WARN_STRICT_PROTOTYPES = YES;
				CLANG_WARN_SUSPICIOUS_MOVE = YES;
				CLANG_WARN_UNGUARDED_AVAILABILITY = YES_AGGRESSIVE;
				CLANG_WARN_UNREACHABLE_CODE = YES;
				CLANG_WARN__DUPLICATE_METHOD_MATCH = YES;
				COPY_PHASE_STRIP = NO;
				DEBUG_INFORMATION_FORMAT = dwarf;
				ENABLE_STRICT_OBJC_MSGSEND = YES;
				ENABLE_TESTABILITY = YES;
				GCC_C_LANGUAGE_STANDARD = gnu11;
				GCC_DYNAMIC_NO_PIC = NO;
				GCC_NO_COMMON_BLOCKS = YES;
				GCC_OPTIMIZATION_LEVEL = 0;
				GCC_PREPROCESSOR_DEFINITIONS = (
					"DEBUG=1",
					"$(inherited)",
				);
				GCC_WARN_64_TO_32_BIT_CONVERSION = YES;
				GCC_WARN_ABOUT_RETURN_TYPE = YES_ERROR;
				GCC_WARN_UNDECLARED_SELECTOR = YES;
				GCC_WARN_UNINITIALIZED_AUTOS = YES_AGGRESSIVE;
				GCC_WARN_UNUSED_FUNCTION = YES;
				GCC_WARN_UNUSED_VARIABLE = YES;
				IPHONEOS_DEPLOYMENT_TARGET = 13.2;
				MTL_ENABLE_DEBUG_INFO = INCLUDE_SOURCE;
				MTL_FAST_MATH = YES;
				ONLY_ACTIVE_ARCH = YES;
				SDKROOT = iphoneos;
				SWIFT_ACTIVE_COMPILATION_CONDITIONS = DEBUG;
				SWIFT_OPTIMIZATION_LEVEL = "-Onone";
			};
			name = Debug;
		};
		0C97270C23D20EA800A9ED2A /* Release */ = {
			isa = XCBuildConfiguration;
			buildSettings = {
				ALWAYS_SEARCH_USER_PATHS = NO;
				CLANG_ANALYZER_NONNULL = YES;
				CLANG_ANALYZER_NUMBER_OBJECT_CONVERSION = YES_AGGRESSIVE;
				CLANG_CXX_LANGUAGE_STANDARD = "gnu++14";
				CLANG_CXX_LIBRARY = "libc++";
				CLANG_ENABLE_MODULES = YES;
				CLANG_ENABLE_OBJC_ARC = YES;
				CLANG_ENABLE_OBJC_WEAK = YES;
				CLANG_WARN_BLOCK_CAPTURE_AUTORELEASING = YES;
				CLANG_WARN_BOOL_CONVERSION = YES;
				CLANG_WARN_COMMA = YES;
				CLANG_WARN_CONSTANT_CONVERSION = YES;
				CLANG_WARN_DEPRECATED_OBJC_IMPLEMENTATIONS = YES;
				CLANG_WARN_DIRECT_OBJC_ISA_USAGE = YES_ERROR;
				CLANG_WARN_DOCUMENTATION_COMMENTS = YES;
				CLANG_WARN_EMPTY_BODY = YES;
				CLANG_WARN_ENUM_CONVERSION = YES;
				CLANG_WARN_INFINITE_RECURSION = YES;
				CLANG_WARN_INT_CONVERSION = YES;
				CLANG_WARN_NON_LITERAL_NULL_CONVERSION = YES;
				CLANG_WARN_OBJC_IMPLICIT_RETAIN_SELF = YES;
				CLANG_WARN_OBJC_LITERAL_CONVERSION = YES;
				CLANG_WARN_OBJC_ROOT_CLASS = YES_ERROR;
				CLANG_WARN_RANGE_LOOP_ANALYSIS = YES;
				CLANG_WARN_STRICT_PROTOTYPES = YES;
				CLANG_WARN_SUSPICIOUS_MOVE = YES;
				CLANG_WARN_UNGUARDED_AVAILABILITY = YES_AGGRESSIVE;
				CLANG_WARN_UNREACHABLE_CODE = YES;
				CLANG_WARN__DUPLICATE_METHOD_MATCH = YES;
				COPY_PHASE_STRIP = NO;
				DEBUG_INFORMATION_FORMAT = "dwarf-with-dsym";
				ENABLE_NS_ASSERTIONS = NO;
				ENABLE_STRICT_OBJC_MSGSEND = YES;
				GCC_C_LANGUAGE_STANDARD = gnu11;
				GCC_NO_COMMON_BLOCKS = YES;
				GCC_WARN_64_TO_32_BIT_CONVERSION = YES;
				GCC_WARN_ABOUT_RETURN_TYPE = YES_ERROR;
				GCC_WARN_UNDECLARED_SELECTOR = YES;
				GCC_WARN_UNINITIALIZED_AUTOS = YES_AGGRESSIVE;
				GCC_WARN_UNUSED_FUNCTION = YES;
				GCC_WARN_UNUSED_VARIABLE = YES;
				IPHONEOS_DEPLOYMENT_TARGET = 13.2;
				MTL_ENABLE_DEBUG_INFO = NO;
				MTL_FAST_MATH = YES;
				SDKROOT = iphoneos;
				SWIFT_COMPILATION_MODE = wholemodule;
				SWIFT_OPTIMIZATION_LEVEL = "-O";
				VALIDATE_PRODUCT = YES;
			};
			name = Release;
		};
		0C97270E23D20EA800A9ED2A /* Debug */ = {
			isa = XCBuildConfiguration;
			baseConfigurationReference = 689107DD57972B194C9506B8 /* Pods-iOSTest.debug.xcconfig */;
			buildSettings = {
				CODE_SIGN_STYLE = Automatic;
				DEVELOPMENT_TEAM = Z54ZWA734C;
				INFOPLIST_FILE = iOSTest/Info.plist;
				IPHONEOS_DEPLOYMENT_TARGET = 8.0;
				LD_RUNPATH_SEARCH_PATHS = (
					"$(inherited)",
					"@executable_path/Frameworks",
				);
				PRODUCT_BUNDLE_IDENTIFIER = com.example.iOSTestFMUSCRA;
				PRODUCT_NAME = "$(TARGET_NAME)";
				SWIFT_VERSION = 5.0;
				TARGETED_DEVICE_FAMILY = "1,2";
			};
			name = Debug;
		};
		0C97270F23D20EA800A9ED2A /* Release */ = {
			isa = XCBuildConfiguration;
			baseConfigurationReference = E645C9237BE44055386CF949 /* Pods-iOSTest.release.xcconfig */;
			buildSettings = {
				CODE_SIGN_STYLE = Automatic;
				DEVELOPMENT_TEAM = Z54ZWA734C;
				INFOPLIST_FILE = iOSTest/Info.plist;
				IPHONEOS_DEPLOYMENT_TARGET = 8.0;
				LD_RUNPATH_SEARCH_PATHS = (
					"$(inherited)",
					"@executable_path/Frameworks",
				);
				PRODUCT_BUNDLE_IDENTIFIER = com.example.iOSTestFMUSCRA;
				PRODUCT_NAME = "$(TARGET_NAME)";
				SWIFT_VERSION = 5.0;
				TARGETED_DEVICE_FAMILY = "1,2";
			};
			name = Release;
		};
		0C97271123D20EA800A9ED2A /* Debug */ = {
			isa = XCBuildConfiguration;
			baseConfigurationReference = D545E8F7C62C56B0195FD171 /* Pods-iOSTestTests.debug.xcconfig */;
			buildSettings = {
				ALWAYS_EMBED_SWIFT_STANDARD_LIBRARIES = YES;
				BUNDLE_LOADER = "$(TEST_HOST)";
				CODE_SIGN_STYLE = Automatic;
				INFOPLIST_FILE = iOSTestTests/Info.plist;
				IPHONEOS_DEPLOYMENT_TARGET = 13.2;
				LD_RUNPATH_SEARCH_PATHS = (
					"$(inherited)",
					"@executable_path/Frameworks",
					"@loader_path/Frameworks",
				);
				PRODUCT_BUNDLE_IDENTIFIER = com.example.iOSTestTests;
				PRODUCT_NAME = "$(TARGET_NAME)";
				SWIFT_VERSION = 5.0;
				TARGETED_DEVICE_FAMILY = "1,2";
				TEST_HOST = "$(BUILT_PRODUCTS_DIR)/iOSTest.app/iOSTest";
			};
			name = Debug;
		};
		0C97271223D20EA800A9ED2A /* Release */ = {
			isa = XCBuildConfiguration;
			baseConfigurationReference = 0ED8F29F7D86AC07992EA163 /* Pods-iOSTestTests.release.xcconfig */;
			buildSettings = {
				ALWAYS_EMBED_SWIFT_STANDARD_LIBRARIES = YES;
				BUNDLE_LOADER = "$(TEST_HOST)";
				CODE_SIGN_STYLE = Automatic;
				INFOPLIST_FILE = iOSTestTests/Info.plist;
				IPHONEOS_DEPLOYMENT_TARGET = 13.2;
				LD_RUNPATH_SEARCH_PATHS = (
					"$(inherited)",
					"@executable_path/Frameworks",
					"@loader_path/Frameworks",
				);
				PRODUCT_BUNDLE_IDENTIFIER = com.example.iOSTestTests;
				PRODUCT_NAME = "$(TARGET_NAME)";
				SWIFT_VERSION = 5.0;
				TARGETED_DEVICE_FAMILY = "1,2";
				TEST_HOST = "$(BUILT_PRODUCTS_DIR)/iOSTest.app/iOSTest";
			};
			name = Release;
		};
/* End XCBuildConfiguration section */

/* Begin XCConfigurationList section */
		0C9726E923D20EA700A9ED2A /* Build configuration list for PBXProject "iOSTest" */ = {
			isa = XCConfigurationList;
			buildConfigurations = (
				0C97270B23D20EA800A9ED2A /* Debug */,
				0C97270C23D20EA800A9ED2A /* Release */,
			);
			defaultConfigurationIsVisible = 0;
			defaultConfigurationName = Release;
		};
		0C97270D23D20EA800A9ED2A /* Build configuration list for PBXNativeTarget "iOSTest" */ = {
			isa = XCConfigurationList;
			buildConfigurations = (
				0C97270E23D20EA800A9ED2A /* Debug */,
				0C97270F23D20EA800A9ED2A /* Release */,
			);
			defaultConfigurationIsVisible = 0;
			defaultConfigurationName = Release;
		};
		0C97271023D20EA800A9ED2A /* Build configuration list for PBXNativeTarget "iOSTestTests" */ = {
			isa = XCConfigurationList;
			buildConfigurations = (
				0C97271123D20EA800A9ED2A /* Debug */,
				0C97271223D20EA800A9ED2A /* Release */,
			);
			defaultConfigurationIsVisible = 0;
			defaultConfigurationName = Release;
		};
/* End XCConfigurationList section */

/* Begin XCRemoteSwiftPackageReference section */
		3A956A8924229DC000F4875C /* XCRemoteSwiftPackageReference "SQLite.swift" */ = {
			isa = XCRemoteSwiftPackageReference;
			repositoryURL = "https://github.com/stephencelis/SQLite.swift.git";
			requirement = {
				kind = upToNextMajorVersion;
				minimumVersion = 0.12.2;
			};
		};
/* End XCRemoteSwiftPackageReference section */

/* Begin XCSwiftPackageProductDependency section */
		3A956A8A24229DC000F4875C /* SQLite */ = {
			isa = XCSwiftPackageProductDependency;
			package = 3A956A8924229DC000F4875C /* XCRemoteSwiftPackageReference "SQLite.swift" */;
			productName = SQLite;
		};
/* End XCSwiftPackageProductDependency section */
	};
	rootObject = 0C9726E623D20EA700A9ED2A /* Project object */;
}
